
Microsoft Visual Studio Solution File, Format Version 12.00
# Visual Studio Version 17
VisualStudioVersion = 17.5.33502.453
MinimumVisualStudioVersion = 10.0.40219.1
Project("{2150E333-8FDC-42A3-9474-1A3956D46DE8}") = "Microservices", "Microservices", "{19BEC1DC-95E2-476F-8625-6786E2A5F299}"
EndProject
Project("{2150E333-8FDC-42A3-9474-1A3956D46DE8}") = "Domain", "Domain", "{738F210E-FDFB-4DDA-8754-487C0275D6FA}"
EndProject
Project("{2150E333-8FDC-42A3-9474-1A3956D46DE8}") = "Infra.Bus", "Infra.Bus", "{F23C1C66-45C7-4163-93A5-03D7535678D0}"
EndProject
Project("{2150E333-8FDC-42A3-9474-1A3956D46DE8}") = "Infra.IoC", "Infra.IoC", "{F197382C-5783-4A71-B82D-9B49BFF2FB62}"
EndProject
Project("{2150E333-8FDC-42A3-9474-1A3956D46DE8}") = "Presentation", "Presentation", "{7681C1D8-87F9-4C78-8239-A4590244E657}"
EndProject
Project("{FAE04EC0-301F-11D3-BF4B-00C04F79EFBC}") = "MicroRabbit.Domain.Core", "MicroRabbit.Domain.Core\MicroRabbit.Domain.Core.csproj", "{DA101E14-39A1-4F5B-872A-8861F4F3E6DA}"
EndProject
Global
	GlobalSection(SolutionConfigurationPlatforms) = preSolution
		Debug|Any CPU = Debug|Any CPU
		Release|Any CPU = Release|Any CPU
	EndGlobalSection
	GlobalSection(ProjectConfigurationPlatforms) = postSolution
		{DA101E14-39A1-4F5B-872A-8861F4F3E6DA}.Debug|Any CPU.ActiveCfg = Debug|Any CPU
		{DA101E14-39A1-4F5B-872A-8861F4F3E6DA}.Debug|Any CPU.Build.0 = Debug|Any CPU
		{DA101E14-39A1-4F5B-872A-8861F4F3E6DA}.Release|Any CPU.ActiveCfg = Release|Any CPU
		{DA101E14-39A1-4F5B-872A-8861F4F3E6DA}.Release|Any CPU.Build.0 = Release|Any CPU
	EndGlobalSection
	GlobalSection(SolutionProperties) = preSolution
		HideSolutionNode = FALSE
	EndGlobalSection
	GlobalSection(NestedProjects) = preSolution
		{DA101E14-39A1-4F5B-872A-8861F4F3E6DA} = {738F210E-FDFB-4DDA-8754-487C0275D6FA}
	EndGlobalSection
	GlobalSection(ExtensibilityGlobals) = postSolution
		SolutionGuid = {4672DC73-0AB6-4AC6-A599-367F916C92E2}
	EndGlobalSection
EndGlobal
